// !$*UTF8*$!
{
	archiveVersion = 1;
	classes = {
	};
	objectVersion = 46;
	objects = {

/* Begin PBXBuildFile section */
		153F49011E1579D600EDBA67 /* AppDelegate.swift in Sources */ = {isa = PBXBuildFile; fileRef = 153F49001E1579D600EDBA67 /* AppDelegate.swift */; };
		153F49031E1579D600EDBA67 /* ViewController.swift in Sources */ = {isa = PBXBuildFile; fileRef = 153F49021E1579D600EDBA67 /* ViewController.swift */; };
		153F49061E1579D600EDBA67 /* Main.storyboard in Resources */ = {isa = PBXBuildFile; fileRef = 153F49041E1579D600EDBA67 /* Main.storyboard */; };
		153F49081E1579D600EDBA67 /* Assets.xcassets in Resources */ = {isa = PBXBuildFile; fileRef = 153F49071E1579D600EDBA67 /* Assets.xcassets */; };
		153F490B1E1579D600EDBA67 /* LaunchScreen.storyboard in Resources */ = {isa = PBXBuildFile; fileRef = 153F49091E1579D600EDBA67 /* LaunchScreen.storyboard */; };
		153F49161E1579D700EDBA67 /* FirstAppTests.swift in Sources */ = {isa = PBXBuildFile; fileRef = 153F49151E1579D700EDBA67 /* FirstAppTests.swift */; };
		153F49211E1579D700EDBA67 /* FirstAppUITests.swift in Sources */ = {isa = PBXBuildFile; fileRef = 153F49201E1579D700EDBA67 /* FirstAppUITests.swift */; };
/* End PBXBuildFile section */

/* Begin PBXContainerItemProxy section */
		153F49121E1579D600EDBA67 /* PBXContainerItemProxy */ = {
			isa = PBXContainerItemProxy;
			containerPortal = 153F48F51E1579D600EDBA67 /* Project object */;
			proxyType = 1;
			remoteGlobalIDString = 153F48FC1E1579D600EDBA67;
			remoteInfo = FirstApp;
		};
		153F491D1E1579D700EDBA67 /* PBXContainerItemProxy */ = {
			isa = PBXContainerItemProxy;
			containerPortal = 153F48F51E1579D600EDBA67 /* Project object */;
			proxyType = 1;
			remoteGlobalIDString = 153F48FC1E1579D600EDBA67;
			remoteInfo = FirstApp;
		};
/* End PBXContainerItemProxy section */

/* Begin PBXFileReference section */
		153F48FD1E1579D600EDBA67 /* FirstApp.app */ = {isa = PBXFileReference; explicitFileType = wrapper.application; includeInIndex = 0; path = FirstApp.app; sourceTree = BUILT_PRODUCTS_DIR; };
		153F49001E1579D600EDBA67 /* AppDelegate.swift */ = {isa = PBXFileReference; lastKnownFileType = sourcecode.swift; path = AppDelegate.swift; sourceTree = "<group>"; };
		153F49021E1579D600EDBA67 /* ViewController.swift */ = {isa = PBXFileReference; lastKnownFileType = sourcecode.swift; path = ViewController.swift; sourceTree = "<group>"; };
		153F49051E1579D600EDBA67 /* Base */ = {isa = PBXFileReference; lastKnownFileType = file.storyboard; name = Base; path = Base.lproj/Main.storyboard; sourceTree = "<group>"; };
		153F49071E1579D600EDBA67 /* Assets.xcassets */ = {isa = PBXFileReference; lastKnownFileType = folder.assetcatalog; path = Assets.xcassets; sourceTree = "<group>"; };
		153F490A1E1579D600EDBA67 /* Base */ = {isa = PBXFileReference; lastKnownFileType = file.storyboard; name = Base; path = Base.lproj/LaunchScreen.storyboard; sourceTree = "<group>"; };
		153F490C1E1579D600EDBA67 /* Info.plist */ = {isa = PBXFileReference; lastKnownFileType = text.plist.xml; path = Info.plist; sourceTree = "<group>"; };
		153F49111E1579D600EDBA67 /* FirstAppTests.xctest */ = {isa = PBXFileReference; explicitFileType = wrapper.cfbundle; includeInIndex = 0; path = FirstAppTests.xctest; sourceTree = BUILT_PRODUCTS_DIR; };
		153F49151E1579D700EDBA67 /* FirstAppTests.swift */ = {isa = PBXFileReference; lastKnownFileType = sourcecode.swift; path = FirstAppTests.swift; sourceTree = "<group>"; };
		153F49171E1579D700EDBA67 /* Info.plist */ = {isa = PBXFileReference; lastKnownFileType = text.plist.xml; path = Info.plist; sourceTree = "<group>"; };
		153F491C1E1579D700EDBA67 /* FirstAppUITests.xctest */ = {isa = PBXFileReference; explicitFileType = wrapper.cfbundle; includeInIndex = 0; path = FirstAppUITests.xctest; sourceTree = BUILT_PRODUCTS_DIR; };
		153F49201E1579D700EDBA67 /* FirstAppUITests.swift */ = {isa = PBXFileReference; lastKnownFileType = sourcecode.swift; path = FirstAppUITests.swift; sourceTree = "<group>"; };
		153F49221E1579D700EDBA67 /* Info.plist */ = {isa = PBXFileReference; lastKnownFileType = text.plist.xml; path = Info.plist; sourceTree = "<group>"; };
/* End PBXFileReference section */

/* Begin PBXFrameworksBuildPhase section */
		153F48FA1E1579D600EDBA67 /* Frameworks */ = {
			isa = PBXFrameworksBuildPhase;
			buildActionMask = 2147483647;
			files = (
			);
			runOnlyForDeploymentPostprocessing = 0;
		};
		153F490E1E1579D600EDBA67 /* Frameworks */ = {
			isa = PBXFrameworksBuildPhase;
			buildActionMask = 2147483647;
			files = (
			);
			runOnlyForDeploymentPostprocessing = 0;
		};
		153F49191E1579D700EDBA67 /* Frameworks */ = {
			isa = PBXFrameworksBuildPhase;
			buildActionMask = 2147483647;
			files = (
			);
			runOnlyForDeploymentPostprocessing = 0;
		};
/* End PBXFrameworksBuildPhase section */

/* Begin PBXGroup section */
		153F48F41E1579D600EDBA67 = {
			isa = PBXGroup;
			children = (
				153F48FF1E1579D600EDBA67 /* FirstApp */,
				153F49141E1579D700EDBA67 /* FirstAppTests */,
				153F491F1E1579D700EDBA67 /* FirstAppUITests */,
				153F48FE1E1579D600EDBA67 /* Products */,
			);
			sourceTree = "<group>";
		};
		153F48FE1E1579D600EDBA67 /* Products */ = {
			isa = PBXGroup;
			children = (
				153F48FD1E1579D600EDBA67 /* FirstApp.app */,
				153F49111E1579D600EDBA67 /* FirstAppTests.xctest */,
				153F491C1E1579D700EDBA67 /* FirstAppUITests.xctest */,
			);
			name = Products;
			sourceTree = "<group>";
		};
		153F48FF1E1579D600EDBA67 /* FirstApp */ = {
			isa = PBXGroup;
			children = (
				153F49001E1579D600EDBA67 /* AppDelegate.swift */,
				153F49021E1579D600EDBA67 /* ViewController.swift */,
				153F49041E1579D600EDBA67 /* Main.storyboard */,
				153F49071E1579D600EDBA67 /* Assets.xcassets */,
				153F49091E1579D600EDBA67 /* LaunchScreen.storyboard */,
				153F490C1E1579D600EDBA67 /* Info.plist */,
			);
			path = FirstApp;
			sourceTree = "<group>";
		};
		153F49141E1579D700EDBA67 /* FirstAppTests */ = {
			isa = PBXGroup;
			children = (
				153F49151E1579D700EDBA67 /* FirstAppTests.swift */,
				153F49171E1579D700EDBA67 /* Info.plist */,
			);
			path = FirstAppTests;
			sourceTree = "<group>";
		};
		153F491F1E1579D700EDBA67 /* FirstAppUITests */ = {
			isa = PBXGroup;
			children = (
				153F49201E1579D700EDBA67 /* FirstAppUITests.swift */,
				153F49221E1579D700EDBA67 /* Info.plist */,
			);
			path = FirstAppUITests;
			sourceTree = "<group>";
		};
/* End PBXGroup section */

/* Begin PBXNativeTarget section */
		153F48FC1E1579D600EDBA67 /* FirstApp */ = {
			isa = PBXNativeTarget;
			buildConfigurationList = 153F49251E1579D700EDBA67 /* Build configuration list for PBXNativeTarget "FirstApp" */;
			buildPhases = (
				153F48F91E1579D600EDBA67 /* Sources */,
				153F48FA1E1579D600EDBA67 /* Frameworks */,
				153F48FB1E1579D600EDBA67 /* Resources */,
			);
			buildRules = (
			);
			dependencies = (
			);
			name = FirstApp;
			productName = FirstApp;
			productReference = 153F48FD1E1579D600EDBA67 /* FirstApp.app */;
			productType = "com.apple.product-type.application";
		};
		153F49101E1579D600EDBA67 /* FirstAppTests */ = {
			isa = PBXNativeTarget;
			buildConfigurationList = 153F49281E1579D700EDBA67 /* Build configuration list for PBXNativeTarget "FirstAppTests" */;
			buildPhases = (
				153F490D1E1579D600EDBA67 /* Sources */,
				153F490E1E1579D600EDBA67 /* Frameworks */,
				153F490F1E1579D600EDBA67 /* Resources */,
			);
			buildRules = (
			);
			dependencies = (
				153F49131E1579D600EDBA67 /* PBXTargetDependency */,
			);
			name = FirstAppTests;
			productName = FirstAppTests;
			productReference = 153F49111E1579D600EDBA67 /* FirstAppTests.xctest */;
			productType = "com.apple.product-type.bundle.unit-test";
		};
		153F491B1E1579D700EDBA67 /* FirstAppUITests */ = {
			isa = PBXNativeTarget;
			buildConfigurationList = 153F492B1E1579D700EDBA67 /* Build configuration list for PBXNativeTarget "FirstAppUITests" */;
			buildPhases = (
				153F49181E1579D700EDBA67 /* Sources */,
				153F49191E1579D700EDBA67 /* Frameworks */,
				153F491A1E1579D700EDBA67 /* Resources */,
			);
			buildRules = (
			);
			dependencies = (
				153F491E1E1579D700EDBA67 /* PBXTargetDependency */,
			);
			name = FirstAppUITests;
			productName = FirstAppUITests;
			productReference = 153F491C1E1579D700EDBA67 /* FirstAppUITests.xctest */;
			productType = "com.apple.product-type.bundle.ui-testing";
		};
/* End PBXNativeTarget section */

/* Begin PBXProject section */
		153F48F51E1579D600EDBA67 /* Project object */ = {
			isa = PBXProject;
			attributes = {
				LastSwiftUpdateCheck = 0820;
				LastUpgradeCheck = 0820;
				ORGANIZATIONNAME = "Sergii Maksiuta";
				TargetAttributes = {
					153F48FC1E1579D600EDBA67 = {
						CreatedOnToolsVersion = 8.2.1;
						DevelopmentTeam = J37HVSF8TY;
						ProvisioningStyle = Automatic;
					};
					153F49101E1579D600EDBA67 = {
						CreatedOnToolsVersion = 8.2.1;
						DevelopmentTeam = J37HVSF8TY;
						ProvisioningStyle = Automatic;
						TestTargetID = 153F48FC1E1579D600EDBA67;
					};
					153F491B1E1579D700EDBA67 = {
						CreatedOnToolsVersion = 8.2.1;
						DevelopmentTeam = J37HVSF8TY;
						ProvisioningStyle = Automatic;
						TestTargetID = 153F48FC1E1579D600EDBA67;
					};
				};
			};
			buildConfigurationList = 153F48F81E1579D600EDBA67 /* Build configuration list for PBXProject "FirstApp" */;
			compatibilityVersion = "Xcode 3.2";
			developmentRegion = English;
			hasScannedForEncodings = 0;
			knownRegions = (
				en,
				Base,
			);
			mainGroup = 153F48F41E1579D600EDBA67;
			productRefGroup = 153F48FE1E1579D600EDBA67 /* Products */;
			projectDirPath = "";
			projectRoot = "";
			targets = (
				153F48FC1E1579D600EDBA67 /* FirstApp */,
				153F49101E1579D600EDBA67 /* FirstAppTests */,
				153F491B1E1579D700EDBA67 /* FirstAppUITests */,
			);
		};
/* End PBXProject section */

/* Begin PBXResourcesBuildPhase section */
		153F48FB1E1579D600EDBA67 /* Resources */ = {
			isa = PBXResourcesBuildPhase;
			buildActionMask = 2147483647;
			files = (
				153F490B1E1579D600EDBA67 /* LaunchScreen.storyboard in Resources */,
				153F49081E1579D600EDBA67 /* Assets.xcassets in Resources */,
				153F49061E1579D600EDBA67 /* Main.storyboard in Resources */,
			);
			runOnlyForDeploymentPostprocessing = 0;
		};
		153F490F1E1579D600EDBA67 /* Resources */ = {
			isa = PBXResourcesBuildPhase;
			buildActionMask = 2147483647;
			files = (
			);
			runOnlyForDeploymentPostprocessing = 0;
		};
		153F491A1E1579D700EDBA67 /* Resources */ = {
			isa = PBXResourcesBuildPhase;
			buildActionMask = 2147483647;
			files = (
			);
			runOnlyForDeploymentPostprocessing = 0;
		};
/* End PBXResourcesBuildPhase section */

/* Begin PBXSourcesBuildPhase section */
		153F48F91E1579D600EDBA67 /* Sources */ = {
			isa = PBXSourcesBuildPhase;
			buildActionMask = 2147483647;
			files = (
				153F49031E1579D600EDBA67 /* ViewController.swift in Sources */,
				153F49011E1579D600EDBA67 /* AppDelegate.swift in Sources */,
			);
			runOnlyForDeploymentPostprocessing = 0;
		};
		153F490D1E1579D600EDBA67 /* Sources */ = {
			isa = PBXSourcesBuildPhase;
			buildActionMask = 2147483647;
			files = (
				153F49161E1579D700EDBA67 /* FirstAppTests.swift in Sources */,
			);
			runOnlyForDeploymentPostprocessing = 0;
		};
		153F49181E1579D700EDBA67 /* Sources */ = {
			isa = PBXSourcesBuildPhase;
			buildActionMask = 2147483647;
			files = (
				153F49211E1579D700EDBA67 /* FirstAppUITests.swift in Sources */,
			);
			runOnlyForDeploymentPostprocessing = 0;
		};
/* End PBXSourcesBuildPhase section */

/* Begin PBXTargetDependency section */
		153F49131E1579D600EDBA67 /* PBXTargetDependency */ = {
			isa = PBXTargetDependency;
			target = 153F48FC1E1579D600EDBA67 /* FirstApp */;
			targetProxy = 153F49121E1579D600EDBA67 /* PBXContainerItemProxy */;
		};
		153F491E1E1579D700EDBA67 /* PBXTargetDependency */ = {
			isa = PBXTargetDependency;
			target = 153F48FC1E1579D600EDBA67 /* FirstApp */;
			targetProxy = 153F491D1E1579D700EDBA67 /* PBXContainerItemProxy */;
		};
/* End PBXTargetDependency section */

/* Begin PBXVariantGroup section */
		153F49041E1579D600EDBA67 /* Main.storyboard */ = {
			isa = PBXVariantGroup;
			children = (
				153F49051E1579D600EDBA67 /* Base */,
			);
			name = Main.storyboard;
			sourceTree = "<group>";
		};
		153F49091E1579D600EDBA67 /* LaunchScreen.storyboard */ = {
			isa = PBXVariantGroup;
			children = (
				153F490A1E1579D600EDBA67 /* Base */,
			);
			name = LaunchScreen.storyboard;
			sourceTree = "<group>";
		};
/* End PBXVariantGroup section */

/* Begin XCBuildConfiguration section */
		153F49231E1579D700EDBA67 /* Debug */ = {
			isa = XCBuildConfiguration;
			buildSettings = {
				ALWAYS_SEARCH_USER_PATHS = NO;
				CLANG_ANALYZER_NONNULL = YES;
				CLANG_CXX_LANGUAGE_STANDARD = "gnu++0x";
				CLANG_CXX_LIBRARY = "libc++";
				CLANG_ENABLE_MODULES = YES;
				CLANG_ENABLE_OBJC_ARC = YES;
				CLANG_WARN_BOOL_CONVERSION = YES;
				CLANG_WARN_CONSTANT_CONVERSION = YES;
				CLANG_WARN_DIRECT_OBJC_ISA_USAGE = YES_ERROR;
				CLANG_WARN_DOCUMENTATION_COMMENTS = YES;
				CLANG_WARN_EMPTY_BODY = YES;
				CLANG_WARN_ENUM_CONVERSION = YES;
				CLANG_WARN_INFINITE_RECURSION = YES;
				CLANG_WARN_INT_CONVERSION = YES;
				CLANG_WARN_OBJC_ROOT_CLASS = YES_ERROR;
				CLANG_WARN_SUSPICIOUS_MOVE = YES;
				CLANG_WARN_UNREACHABLE_CODE = YES;
				CLANG_WARN__DUPLICATE_METHOD_MATCH = YES;
				"CODE_SIGN_IDENTITY[sdk=iphoneos*]" = "iPhone Developer";
				COPY_PHASE_STRIP = NO;
				DEBUG_INFORMATION_FORMAT = dwarf;
				ENABLE_STRICT_OBJC_MSGSEND = YES;
				ENABLE_TESTABILITY = YES;
				GCC_C_LANGUAGE_STANDARD = gnu99;
				GCC_DYNAMIC_NO_PIC = NO;
				GCC_NO_COMMON_BLOCKS = YES;
				GCC_OPTIMIZATION_LEVEL = 0;
				GCC_PREPROCESSOR_DEFINITIONS = (
					"DEBUG=1",
					"$(inherited)",
				);
				GCC_WARN_64_TO_32_BIT_CONVERSION = YES;
				GCC_WARN_ABOUT_RETURN_TYPE = YES_ERROR;
				GCC_WARN_UNDECLARED_SELECTOR = YES;
				GCC_WARN_UNINITIALIZED_AUTOS = YES_AGGRESSIVE;
				GCC_WARN_UNUSED_FUNCTION = YES;
				GCC_WARN_UNUSED_VARIABLE = YES;
				IPHONEOS_DEPLOYMENT_TARGET = 10.2;
				MTL_ENABLE_DEBUG_INFO = YES;
				ONLY_ACTIVE_ARCH = YES;
				SDKROOT = iphoneos;
				SWIFT_ACTIVE_COMPILATION_CONDITIONS = DEBUG;
				SWIFT_OPTIMIZATION_LEVEL = "-Onone";
				TARGETED_DEVICE_FAMILY = "1,2";
			};
			name = Debug;
		};
		153F49241E1579D700EDBA67 /* Release */ = {
			isa = XCBuildConfiguration;
			buildSettings = {
				ALWAYS_SEARCH_USER_PATHS = NO;
				CLANG_ANALYZER_NONNULL = YES;
				CLANG_CXX_LANGUAGE_STANDARD = "gnu++0x";
				CLANG_CXX_LIBRARY = "libc++";
				CLANG_ENABLE_MODULES = YES;
				CLANG_ENABLE_OBJC_ARC = YES;
				CLANG_WARN_BOOL_CONVERSION = YES;
				CLANG_WARN_CONSTANT_CONVERSION = YES;
				CLANG_WARN_DIRECT_OBJC_ISA_USAGE = YES_ERROR;
				CLANG_WARN_DOCUMENTATION_COMMENTS = YES;
				CLANG_WARN_EMPTY_BODY = YES;
				CLANG_WARN_ENUM_CONVERSION = YES;
				CLANG_WARN_INFINITE_RECURSION = YES;
				CLANG_WARN_INT_CONVERSION = YES;
				CLANG_WARN_OBJC_ROOT_CLASS = YES_ERROR;
				CLANG_WARN_SUSPICIOUS_MOVE = YES;
				CLANG_WARN_UNREACHABLE_CODE = YES;
				CLANG_WARN__DUPLICATE_METHOD_MATCH = YES;
				"CODE_SIGN_IDENTITY[sdk=iphoneos*]" = "iPhone Developer";
				COPY_PHASE_STRIP = NO;
				DEBUG_INFORMATION_FORMAT = "dwarf-with-dsym";
				ENABLE_NS_ASSERTIONS = NO;
				ENABLE_STRICT_OBJC_MSGSEND = YES;
				GCC_C_LANGUAGE_STANDARD = gnu99;
				GCC_NO_COMMON_BLOCKS = YES;
				GCC_WARN_64_TO_32_BIT_CONVERSION = YES;
				GCC_WARN_ABOUT_RETURN_TYPE = YES_ERROR;
				GCC_WARN_UNDECLARED_SELECTOR = YES;
				GCC_WARN_UNINITIALIZED_AUTOS = YES_AGGRESSIVE;
				GCC_WARN_UNUSED_FUNCTION = YES;
				GCC_WARN_UNUSED_VARIABLE = YES;
				IPHONEOS_DEPLOYMENT_TARGET = 10.2;
				MTL_ENABLE_DEBUG_INFO = NO;
				SDKROOT = iphoneos;
				SWIFT_OPTIMIZATION_LEVEL = "-Owholemodule";
				TARGETED_DEVICE_FAMILY = "1,2";
				VALIDATE_PRODUCT = YES;
			};
			name = Release;
		};
		153F49261E1579D700EDBA67 /* Debug */ = {
			isa = XCBuildConfiguration;
			buildSettings = {
				ASSETCATALOG_COMPILER_APPICON_NAME = AppIcon;
				DEVELOPMENT_TEAM = J37HVSF8TY;
				INFOPLIST_FILE = FirstApp/Info.plist;
				LD_RUNPATH_SEARCH_PATHS = "$(inherited) @executable_path/Frameworks";
				PRODUCT_BUNDLE_IDENTIFIER = sergiimaksiuta.FirstApp;
				PRODUCT_NAME = "$(TARGET_NAME)";
				SWIFT_VERSION = 3.0;
			};
			name = Debug;
		};
		153F49271E1579D700EDBA67 /* Release */ = {
			isa = XCBuildConfiguration;
			buildSettings = {
				ASSETCATALOG_COMPILER_APPICON_NAME = AppIcon;
				DEVELOPMENT_TEAM = J37HVSF8TY;
				INFOPLIST_FILE = FirstApp/Info.plist;
				LD_RUNPATH_SEARCH_PATHS = "$(inherited) @executable_path/Frameworks";
				PRODUCT_BUNDLE_IDENTIFIER = sergiimaksiuta.FirstApp;
				PRODUCT_NAME = "$(TARGET_NAME)";
				SWIFT_VERSION = 3.0;
			};
			name = Release;
		};
		153F49291E1579D700EDBA67 /* Debug */ = {
			isa = XCBuildConfiguration;
			buildSettings = {
				ALWAYS_EMBED_SWIFT_STANDARD_LIBRARIES = YES;
				BUNDLE_LOADER = "$(TEST_HOST)";
				DEVELOPMENT_TEAM = J37HVSF8TY;
				INFOPLIST_FILE = FirstAppTests/Info.plist;
				LD_RUNPATH_SEARCH_PATHS = "$(inherited) @executable_path/Frameworks @loader_path/Frameworks";
				PRODUCT_BUNDLE_IDENTIFIER = sergiimaksiuta.FirstAppTests;
				PRODUCT_NAME = "$(TARGET_NAME)";
				SWIFT_VERSION = 3.0;
				TEST_HOST = "$(BUILT_PRODUCTS_DIR)/FirstApp.app/FirstApp";
			};
			name = Debug;
		};
		153F492A1E1579D700EDBA67 /* Release */ = {
			isa = XCBuildConfiguration;
			buildSettings = {
				ALWAYS_EMBED_SWIFT_STANDARD_LIBRARIES = YES;
				BUNDLE_LOADER = "$(TEST_HOST)";
				DEVELOPMENT_TEAM = J37HVSF8TY;
				INFOPLIST_FILE = FirstAppTests/Info.plist;
				LD_RUNPATH_SEARCH_PATHS = "$(inherited) @executable_path/Frameworks @loader_path/Frameworks";
				PRODUCT_BUNDLE_IDENTIFIER = sergiimaksiuta.FirstAppTests;
				PRODUCT_NAME = "$(TARGET_NAME)";
				SWIFT_VERSION = 3.0;
				TEST_HOST = "$(BUILT_PRODUCTS_DIR)/FirstApp.app/FirstApp";
			};
			name = Release;
		};
		153F492C1E1579D700EDBA67 /* Debug */ = {
			isa = XCBuildConfiguration;
			buildSettings = {
				ALWAYS_EMBED_SWIFT_STANDARD_LIBRARIES = YES;
				DEVELOPMENT_TEAM = J37HVSF8TY;
				INFOPLIST_FILE = FirstAppUITests/Info.plist;
				LD_RUNPATH_SEARCH_PATHS = "$(inherited) @executable_path/Frameworks @loader_path/Frameworks";
				PRODUCT_BUNDLE_IDENTIFIER = sergiimaksiuta.FirstAppUITests;
				PRODUCT_NAME = "$(TARGET_NAME)";
				SWIFT_VERSION = 3.0;
				TEST_TARGET_NAME = FirstApp;
			};
			name = Debug;
		};
		153F492D1E1579D700EDBA67 /* Release */ = {
			isa = XCBuildConfiguration;
			buildSettings = {
				ALWAYS_EMBED_SWIFT_STANDARD_LIBRARIES = YES;
				DEVELOPMENT_TEAM = J37HVSF8TY;
				INFOPLIST_FILE = FirstAppUITests/Info.plist;
				LD_RUNPATH_SEARCH_PATHS = "$(inherited) @executable_path/Frameworks @loader_path/Frameworks";
				PRODUCT_BUNDLE_IDENTIFIER = sergiimaksiuta.FirstAppUITests;
				PRODUCT_NAME = "$(TARGET_NAME)";
				SWIFT_VERSION = 3.0;
				TEST_TARGET_NAME = FirstApp;
			};
			name = Release;
		};
/* End XCBuildConfiguration section */

/* Begin XCConfigurationList section */
		153F48F81E1579D600EDBA67 /* Build configuration list for PBXProject "FirstApp" */ = {
			isa = XCConfigurationList;
			buildConfigurations = (
				153F49231E1579D700EDBA67 /* Debug */,
				153F49241E1579D700EDBA67 /* Release */,
			);
			defaultConfigurationIsVisible = 0;
			defaultConfigurationName = Release;
		};
		153F49251E1579D700EDBA67 /* Build configuration list for PBXNativeTarget "FirstApp" */ = {
			isa = XCConfigurationList;
			buildConfigurations = (
				153F49261E1579D700EDBA67 /* Debug */,
				153F49271E1579D700EDBA67 /* Release */,
			);
			defaultConfigurationIsVisible = 0;
			defaultConfigurationName = Release;
		};
		153F49281E1579D700EDBA67 /* Build configuration list for PBXNativeTarget "FirstAppTests" */ = {
			isa = XCConfigurationList;
			buildConfigurations = (
				153F49291E1579D700EDBA67 /* Debug */,
				153F492A1E1579D700EDBA67 /* Release */,
			);
			defaultConfigurationIsVisible = 0;
			defaultConfigurationName = Release;
		};
		153F492B1E1579D700EDBA67 /* Build configuration list for PBXNativeTarget "FirstAppUITests" */ = {
			isa = XCConfigurationList;
			buildConfigurations = (
				153F492C1E1579D700EDBA67 /* Debug */,
				153F492D1E1579D700EDBA67 /* Release */,
			);
			defaultConfigurationIsVisible = 0;
			defaultConfigurationName = Release;
		};
/* End XCConfigurationList section */
	};
	rootObject = 153F48F51E1579D600EDBA67 /* Project object */;
}
